PODS:
  - ActionCableClient (0.2.6):
    - Starscream (~> 4.0.4)
  - SnapKit (5.6.0)
  - Starscream (4.0.4)
  - SwiftyJSON (5.0.1)

DEPENDENCIES:
  - ActionCableClient (from `../`)
  - SnapKit
  - SwiftyJSON

SPEC REPOS:
  https://github.com/CocoaPods/Specs.git:
    - SnapKit
    - Starscream
    - SwiftyJSON

EXTERNAL SOURCES:
  ActionCableClient:
    :path: "../"

SPEC CHECKSUMS:
  ActionCableClient: 123e0a37678ad35da20f7f251b19be69159aee08
  SnapKit: e01d52ebb8ddbc333eefe2132acf85c8227d9c25
  Starscream: 5178aed56b316f13fa3bc55694e583d35dd414d9
  SwiftyJSON: 2f33a42c6fbc52764d96f13368585094bfd8aa5e

PODFILE CHECKSUM: eea2371467eabc7ff782ea08302cda07de6f13f3

COCOAPODS: 1.11.3
